
Microsoft Visual Studio Solution File, Format Version 12.00
# Visual Studio Version 16
VisualStudioVersion = 16.0.30711.63
MinimumVisualStudioVersion = 10.0.40219.1
Project("{FAE04EC0-301F-11D3-BF4B-00C04F79EFBC}") = "Name, Surname", "Name, Surname\Name, Surname.csproj", "{B98BB0C8-486C-4F6C-B448-2CF93AA5DC49}"
EndProject
Global
	GlobalSection(SolutionConfigurationPlatforms) = preSolution
		Debug|Any CPU = Debug|Any CPU
		Release|Any CPU = Release|Any CPU
	EndGlobalSection
	GlobalSection(ProjectConfigurationPlatforms) = postSolution
		{B98BB0C8-486C-4F6C-B448-2CF93AA5DC49}.Debug|Any CPU.ActiveCfg = Debug|Any CPU
		{B98BB0C8-486C-4F6C-B448-2CF93AA5DC49}.Debug|Any CPU.Build.0 = Debug|Any CPU
		{B98BB0C8-486C-4F6C-B448-2CF93AA5DC49}.Release|Any CPU.ActiveCfg = Release|Any CPU
		{B98BB0C8-486C-4F6C-B448-2CF93AA5DC49}.Release|Any CPU.Build.0 = Release|Any CPU
	EndGlobalSection
	GlobalSection(SolutionProperties) = preSolution
		HideSolutionNode = FALSE
	EndGlobalSection
	GlobalSection(ExtensibilityGlobals) = postSolution
		SolutionGuid = {7B25B65B-1E28-498D-913E-5E2BEDB0C1D4}
	EndGlobalSection
EndGlobal
